
Microsoft Visual Studio Solution File, Format Version 12.00
# Visual Studio Version 16
VisualStudioVersion = 16.0.29613.14
MinimumVisualStudioVersion = 10.0.40219.1
Project("{FAE04EC0-301F-11D3-BF4B-00C04F79EFBC}") = "PoP_3", "PoP_3.csproj", "{2052F891-F7BF-4AA1-A011-51D31DA4EA6D}"
EndProject
Global
	GlobalSection(SolutionConfigurationPlatforms) = preSolution
		Debug|Any CPU = Debug|Any CPU
		Release|Any CPU = Release|Any CPU
	EndGlobalSection
	GlobalSection(ProjectConfigurationPlatforms) = postSolution
		{2052F891-F7BF-4AA1-A011-51D31DA4EA6D}.Debug|Any CPU.ActiveCfg = Debug|Any CPU
		{2052F891-F7BF-4AA1-A011-51D31DA4EA6D}.Debug|Any CPU.Build.0 = Debug|Any CPU
		{2052F891-F7BF-4AA1-A011-51D31DA4EA6D}.Release|Any CPU.ActiveCfg = Release|Any CPU
		{2052F891-F7BF-4AA1-A011-51D31DA4EA6D}.Release|Any CPU.Build.0 = Release|Any CPU
	EndGlobalSection
	GlobalSection(SolutionProperties) = preSolution
		HideSolutionNode = FALSE
	EndGlobalSection
	GlobalSection(ExtensibilityGlobals) = postSolution
		SolutionGuid = {F79D2753-E0F5-4492-9976-1BD961FEB4F8}
	EndGlobalSection
EndGlobal
